// !$*UTF8*$!
{
	archiveVersion = 1;
	classes = {
	};
	objectVersion = 55;
	objects = {

/* Begin PBXBuildFile section */
		5A66521329058D4300975A21 /* AppDelegate.swift in Sources */ = {isa = PBXBuildFile; fileRef = 5A66521229058D4300975A21 /* AppDelegate.swift */; };
		5A66521829058D4300975A21 /* Game_Engine.xcdatamodeld in Sources */ = {isa = PBXBuildFile; fileRef = 5A66521629058D4300975A21 /* Game_Engine.xcdatamodeld */; };
		5A66521A29058D4400975A21 /* Assets.xcassets in Resources */ = {isa = PBXBuildFile; fileRef = 5A66521929058D4400975A21 /* Assets.xcassets */; };
		5A66521D29058D4400975A21 /* Main.storyboard in Resources */ = {isa = PBXBuildFile; fileRef = 5A66521B29058D4400975A21 /* Main.storyboard */; };
		5A66522829058D4400975A21 /* Game_EngineTests.swift in Sources */ = {isa = PBXBuildFile; fileRef = 5A66522729058D4400975A21 /* Game_EngineTests.swift */; };
		5A66523229058D4400975A21 /* Game_EngineUITests.swift in Sources */ = {isa = PBXBuildFile; fileRef = 5A66523129058D4400975A21 /* Game_EngineUITests.swift */; };
		5A66523429058D4400975A21 /* Game_EngineUITestsLaunchTests.swift in Sources */ = {isa = PBXBuildFile; fileRef = 5A66523329058D4400975A21 /* Game_EngineUITestsLaunchTests.swift */; };
		5A6652422905905100975A21 /* GameView.swift in Sources */ = {isa = PBXBuildFile; fileRef = 5A6652412905905100975A21 /* GameView.swift */; };
		5A665244290593B400975A21 /* MyShaders.metal in Sources */ = {isa = PBXBuildFile; fileRef = 5A665243290593B400975A21 /* MyShaders.metal */; };
		5A6652462905A3AD00975A21 /* Types.swift in Sources */ = {isa = PBXBuildFile; fileRef = 5A6652452905A3AD00975A21 /* Types.swift */; };
		5A66524C2905B51700975A21 /* Engine.swift in Sources */ = {isa = PBXBuildFile; fileRef = 5A66524B2905B51700975A21 /* Engine.swift */; };
		5A66524E2905B60100975A21 /* Preferences.swift in Sources */ = {isa = PBXBuildFile; fileRef = 5A66524D2905B60100975A21 /* Preferences.swift */; };
		5A6652502905B7E900975A21 /* ShaderLibrary.swift in Sources */ = {isa = PBXBuildFile; fileRef = 5A66524F2905B7E900975A21 /* ShaderLibrary.swift */; };
		5A6652522905BA9100975A21 /* VertexDescriptorLibrary.swift in Sources */ = {isa = PBXBuildFile; fileRef = 5A6652512905BA9100975A21 /* VertexDescriptorLibrary.swift */; };
		5A6652542905BDC200975A21 /* RenderPipelineDescriptorLibrary.swift in Sources */ = {isa = PBXBuildFile; fileRef = 5A6652532905BDC200975A21 /* RenderPipelineDescriptorLibrary.swift */; };
		5A6652562905C0B600975A21 /* RenderPipelineStateLibrary.swift in Sources */ = {isa = PBXBuildFile; fileRef = 5A6652552905C0B600975A21 /* RenderPipelineStateLibrary.swift */; };
/* End PBXBuildFile section */

/* Begin PBXContainerItemProxy section */
		5A66522429058D4400975A21 /* PBXContainerItemProxy */ = {
			isa = PBXContainerItemProxy;
			containerPortal = 5A66520729058D4300975A21 /* Project object */;
			proxyType = 1;
			remoteGlobalIDString = 5A66520E29058D4300975A21;
			remoteInfo = "Game Engine";
		};
		5A66522E29058D4400975A21 /* PBXContainerItemProxy */ = {
			isa = PBXContainerItemProxy;
			containerPortal = 5A66520729058D4300975A21 /* Project object */;
			proxyType = 1;
			remoteGlobalIDString = 5A66520E29058D4300975A21;
			remoteInfo = "Game Engine";
		};
/* End PBXContainerItemProxy section */

/* Begin PBXFileReference section */
		5A66520F29058D4300975A21 /* Game Engine.app */ = {isa = PBXFileReference; explicitFileType = wrapper.application; includeInIndex = 0; path = "Game Engine.app"; sourceTree = BUILT_PRODUCTS_DIR; };
		5A66521229058D4300975A21 /* AppDelegate.swift */ = {isa = PBXFileReference; lastKnownFileType = sourcecode.swift; path = AppDelegate.swift; sourceTree = "<group>"; };
		5A66521729058D4300975A21 /* Game_Engine.xcdatamodel */ = {isa = PBXFileReference; lastKnownFileType = wrapper.xcdatamodel; path = Game_Engine.xcdatamodel; sourceTree = "<group>"; };
		5A66521929058D4400975A21 /* Assets.xcassets */ = {isa = PBXFileReference; lastKnownFileType = folder.assetcatalog; path = Assets.xcassets; sourceTree = "<group>"; };
		5A66521C29058D4400975A21 /* Base */ = {isa = PBXFileReference; lastKnownFileType = file.storyboard; name = Base; path = Base.lproj/Main.storyboard; sourceTree = "<group>"; };
		5A66521E29058D4400975A21 /* Game_Engine.entitlements */ = {isa = PBXFileReference; lastKnownFileType = text.plist.entitlements; path = Game_Engine.entitlements; sourceTree = "<group>"; };
		5A66522329058D4400975A21 /* Game EngineTests.xctest */ = {isa = PBXFileReference; explicitFileType = wrapper.cfbundle; includeInIndex = 0; path = "Game EngineTests.xctest"; sourceTree = BUILT_PRODUCTS_DIR; };
		5A66522729058D4400975A21 /* Game_EngineTests.swift */ = {isa = PBXFileReference; lastKnownFileType = sourcecode.swift; path = Game_EngineTests.swift; sourceTree = "<group>"; };
		5A66522D29058D4400975A21 /* Game EngineUITests.xctest */ = {isa = PBXFileReference; explicitFileType = wrapper.cfbundle; includeInIndex = 0; path = "Game EngineUITests.xctest"; sourceTree = BUILT_PRODUCTS_DIR; };
		5A66523129058D4400975A21 /* Game_EngineUITests.swift */ = {isa = PBXFileReference; lastKnownFileType = sourcecode.swift; path = Game_EngineUITests.swift; sourceTree = "<group>"; };
		5A66523329058D4400975A21 /* Game_EngineUITestsLaunchTests.swift */ = {isa = PBXFileReference; lastKnownFileType = sourcecode.swift; path = Game_EngineUITestsLaunchTests.swift; sourceTree = "<group>"; };
		5A6652412905905100975A21 /* GameView.swift */ = {isa = PBXFileReference; lastKnownFileType = sourcecode.swift; path = GameView.swift; sourceTree = "<group>"; };
		5A665243290593B400975A21 /* MyShaders.metal */ = {isa = PBXFileReference; lastKnownFileType = sourcecode.metal; path = MyShaders.metal; sourceTree = "<group>"; };
		5A6652452905A3AD00975A21 /* Types.swift */ = {isa = PBXFileReference; lastKnownFileType = sourcecode.swift; path = Types.swift; sourceTree = "<group>"; };
		5A66524B2905B51700975A21 /* Engine.swift */ = {isa = PBXFileReference; lastKnownFileType = sourcecode.swift; path = Engine.swift; sourceTree = "<group>"; };
		5A66524D2905B60100975A21 /* Preferences.swift */ = {isa = PBXFileReference; lastKnownFileType = sourcecode.swift; path = Preferences.swift; sourceTree = "<group>"; };
		5A66524F2905B7E900975A21 /* ShaderLibrary.swift */ = {isa = PBXFileReference; lastKnownFileType = sourcecode.swift; path = ShaderLibrary.swift; sourceTree = "<group>"; };
		5A6652512905BA9100975A21 /* VertexDescriptorLibrary.swift */ = {isa = PBXFileReference; lastKnownFileType = sourcecode.swift; path = VertexDescriptorLibrary.swift; sourceTree = "<group>"; };
		5A6652532905BDC200975A21 /* RenderPipelineDescriptorLibrary.swift */ = {isa = PBXFileReference; lastKnownFileType = sourcecode.swift; path = RenderPipelineDescriptorLibrary.swift; sourceTree = "<group>"; };
		5A6652552905C0B600975A21 /* RenderPipelineStateLibrary.swift */ = {isa = PBXFileReference; lastKnownFileType = sourcecode.swift; path = RenderPipelineStateLibrary.swift; sourceTree = "<group>"; };
/* End PBXFileReference section */

/* Begin PBXFrameworksBuildPhase section */
		5A66520C29058D4300975A21 /* Frameworks */ = {
			isa = PBXFrameworksBuildPhase;
			buildActionMask = 2147483647;
			files = (
			);
			runOnlyForDeploymentPostprocessing = 0;
		};
		5A66522029058D4400975A21 /* Frameworks */ = {
			isa = PBXFrameworksBuildPhase;
			buildActionMask = 2147483647;
			files = (
			);
			runOnlyForDeploymentPostprocessing = 0;
		};
		5A66522A29058D4400975A21 /* Frameworks */ = {
			isa = PBXFrameworksBuildPhase;
			buildActionMask = 2147483647;
			files = (
			);
			runOnlyForDeploymentPostprocessing = 0;
		};
/* End PBXFrameworksBuildPhase section */

/* Begin PBXGroup section */
		5A66520629058D4300975A21 = {
			isa = PBXGroup;
			children = (
				5A66521129058D4300975A21 /* Game Engine */,
				5A66522629058D4400975A21 /* Game EngineTests */,
				5A66523029058D4400975A21 /* Game EngineUITests */,
				5A66521029058D4300975A21 /* Products */,
			);
			sourceTree = "<group>";
		};
		5A66521029058D4300975A21 /* Products */ = {
			isa = PBXGroup;
			children = (
				5A66520F29058D4300975A21 /* Game Engine.app */,
				5A66522329058D4400975A21 /* Game EngineTests.xctest */,
				5A66522D29058D4400975A21 /* Game EngineUITests.xctest */,
			);
			name = Products;
			sourceTree = "<group>";
		};
		5A66521129058D4300975A21 /* Game Engine */ = {
			isa = PBXGroup;
			children = (
				5A6652472905B3A900975A21 /* Core */,
				5A66524A2905B3F600975A21 /* Libraries */,
				5A6652482905B3BD00975A21 /* Shaders */,
				5A6652492905B3DA00975A21 /* Display */,
				5A66524029058EEF00975A21 /* Other Files */,
			);
			path = "Game Engine";
			sourceTree = "<group>";
		};
		5A66522629058D4400975A21 /* Game EngineTests */ = {
			isa = PBXGroup;
			children = (
				5A66522729058D4400975A21 /* Game_EngineTests.swift */,
			);
			path = "Game EngineTests";
			sourceTree = "<group>";
		};
		5A66523029058D4400975A21 /* Game EngineUITests */ = {
			isa = PBXGroup;
			children = (
				5A66523129058D4400975A21 /* Game_EngineUITests.swift */,
				5A66523329058D4400975A21 /* Game_EngineUITestsLaunchTests.swift */,
			);
			path = "Game EngineUITests";
			sourceTree = "<group>";
		};
		5A66524029058EEF00975A21 /* Other Files */ = {
			isa = PBXGroup;
			children = (
				5A66521229058D4300975A21 /* AppDelegate.swift */,
				5A66521929058D4400975A21 /* Assets.xcassets */,
				5A66521629058D4300975A21 /* Game_Engine.xcdatamodeld */,
				5A66521E29058D4400975A21 /* Game_Engine.entitlements */,
			);
			path = "Other Files";
			sourceTree = "<group>";
		};
		5A6652472905B3A900975A21 /* Core */ = {
			isa = PBXGroup;
			children = (
				5A6652452905A3AD00975A21 /* Types.swift */,
				5A66524B2905B51700975A21 /* Engine.swift */,
				5A66524D2905B60100975A21 /* Preferences.swift */,
			);
			path = Core;
			sourceTree = "<group>";
		};
		5A6652482905B3BD00975A21 /* Shaders */ = {
			isa = PBXGroup;
			children = (
				5A665243290593B400975A21 /* MyShaders.metal */,
			);
			path = Shaders;
			sourceTree = "<group>";
		};
		5A6652492905B3DA00975A21 /* Display */ = {
			isa = PBXGroup;
			children = (
				5A6652412905905100975A21 /* GameView.swift */,
				5A66521B29058D4400975A21 /* Main.storyboard */,
			);
			path = Display;
			sourceTree = "<group>";
		};
		5A66524A2905B3F600975A21 /* Libraries */ = {
			isa = PBXGroup;
			children = (
				5A66524F2905B7E900975A21 /* ShaderLibrary.swift */,
				5A6652512905BA9100975A21 /* VertexDescriptorLibrary.swift */,
				5A6652532905BDC200975A21 /* RenderPipelineDescriptorLibrary.swift */,
				5A6652552905C0B600975A21 /* RenderPipelineStateLibrary.swift */,
			);
			path = Libraries;
			sourceTree = "<group>";
		};
/* End PBXGroup section */

/* Begin PBXNativeTarget section */
		5A66520E29058D4300975A21 /* Game Engine */ = {
			isa = PBXNativeTarget;
			buildConfigurationList = 5A66523729058D4400975A21 /* Build configuration list for PBXNativeTarget "Game Engine" */;
			buildPhases = (
				5A66520B29058D4300975A21 /* Sources */,
				5A66520C29058D4300975A21 /* Frameworks */,
				5A66520D29058D4300975A21 /* Resources */,
			);
			buildRules = (
			);
			dependencies = (
			);
			name = "Game Engine";
			productName = "Game Engine";
			productReference = 5A66520F29058D4300975A21 /* Game Engine.app */;
			productType = "com.apple.product-type.application";
		};
		5A66522229058D4400975A21 /* Game EngineTests */ = {
			isa = PBXNativeTarget;
			buildConfigurationList = 5A66523A29058D4400975A21 /* Build configuration list for PBXNativeTarget "Game EngineTests" */;
			buildPhases = (
				5A66521F29058D4400975A21 /* Sources */,
				5A66522029058D4400975A21 /* Frameworks */,
				5A66522129058D4400975A21 /* Resources */,
			);
			buildRules = (
			);
			dependencies = (
				5A66522529058D4400975A21 /* PBXTargetDependency */,
			);
			name = "Game EngineTests";
			productName = "Game EngineTests";
			productReference = 5A66522329058D4400975A21 /* Game EngineTests.xctest */;
			productType = "com.apple.product-type.bundle.unit-test";
		};
		5A66522C29058D4400975A21 /* Game EngineUITests */ = {
			isa = PBXNativeTarget;
			buildConfigurationList = 5A66523D29058D4400975A21 /* Build configuration list for PBXNativeTarget "Game EngineUITests" */;
			buildPhases = (
				5A66522929058D4400975A21 /* Sources */,
				5A66522A29058D4400975A21 /* Frameworks */,
				5A66522B29058D4400975A21 /* Resources */,
			);
			buildRules = (
			);
			dependencies = (
				5A66522F29058D4400975A21 /* PBXTargetDependency */,
			);
			name = "Game EngineUITests";
			productName = "Game EngineUITests";
			productReference = 5A66522D29058D4400975A21 /* Game EngineUITests.xctest */;
			productType = "com.apple.product-type.bundle.ui-testing";
		};
/* End PBXNativeTarget section */

/* Begin PBXProject section */
		5A66520729058D4300975A21 /* Project object */ = {
			isa = PBXProject;
			attributes = {
				BuildIndependentTargetsInParallel = 1;
				LastSwiftUpdateCheck = 1320;
				LastUpgradeCheck = 1320;
				TargetAttributes = {
					5A66520E29058D4300975A21 = {
						CreatedOnToolsVersion = 13.2.1;
					};
					5A66522229058D4400975A21 = {
						CreatedOnToolsVersion = 13.2.1;
						TestTargetID = 5A66520E29058D4300975A21;
					};
					5A66522C29058D4400975A21 = {
						CreatedOnToolsVersion = 13.2.1;
						TestTargetID = 5A66520E29058D4300975A21;
					};
				};
			};
			buildConfigurationList = 5A66520A29058D4300975A21 /* Build configuration list for PBXProject "Game Engine" */;
			compatibilityVersion = "Xcode 13.0";
			developmentRegion = en;
			hasScannedForEncodings = 0;
			knownRegions = (
				en,
				Base,
			);
			mainGroup = 5A66520629058D4300975A21;
			productRefGroup = 5A66521029058D4300975A21 /* Products */;
			projectDirPath = "";
			projectRoot = "";
			targets = (
				5A66520E29058D4300975A21 /* Game Engine */,
				5A66522229058D4400975A21 /* Game EngineTests */,
				5A66522C29058D4400975A21 /* Game EngineUITests */,
			);
		};
/* End PBXProject section */

/* Begin PBXResourcesBuildPhase section */
		5A66520D29058D4300975A21 /* Resources */ = {
			isa = PBXResourcesBuildPhase;
			buildActionMask = 2147483647;
			files = (
				5A66521A29058D4400975A21 /* Assets.xcassets in Resources */,
				5A66521D29058D4400975A21 /* Main.storyboard in Resources */,
			);
			runOnlyForDeploymentPostprocessing = 0;
		};
		5A66522129058D4400975A21 /* Resources */ = {
			isa = PBXResourcesBuildPhase;
			buildActionMask = 2147483647;
			files = (
			);
			runOnlyForDeploymentPostprocessing = 0;
		};
		5A66522B29058D4400975A21 /* Resources */ = {
			isa = PBXResourcesBuildPhase;
			buildActionMask = 2147483647;
			files = (
			);
			runOnlyForDeploymentPostprocessing = 0;
		};
/* End PBXResourcesBuildPhase section */

/* Begin PBXSourcesBuildPhase section */
		5A66520B29058D4300975A21 /* Sources */ = {
			isa = PBXSourcesBuildPhase;
			buildActionMask = 2147483647;
			files = (
				5A6652542905BDC200975A21 /* RenderPipelineDescriptorLibrary.swift in Sources */,
				5A6652522905BA9100975A21 /* VertexDescriptorLibrary.swift in Sources */,
				5A665244290593B400975A21 /* MyShaders.metal in Sources */,
				5A66524E2905B60100975A21 /* Preferences.swift in Sources */,
				5A6652502905B7E900975A21 /* ShaderLibrary.swift in Sources */,
				5A66524C2905B51700975A21 /* Engine.swift in Sources */,
				5A66521329058D4300975A21 /* AppDelegate.swift in Sources */,
				5A6652422905905100975A21 /* GameView.swift in Sources */,
				5A6652462905A3AD00975A21 /* Types.swift in Sources */,
				5A66521829058D4300975A21 /* Game_Engine.xcdatamodeld in Sources */,
				5A6652562905C0B600975A21 /* RenderPipelineStateLibrary.swift in Sources */,
			);
			runOnlyForDeploymentPostprocessing = 0;
		};
		5A66521F29058D4400975A21 /* Sources */ = {
			isa = PBXSourcesBuildPhase;
			buildActionMask = 2147483647;
			files = (
				5A66522829058D4400975A21 /* Game_EngineTests.swift in Sources */,
			);
			runOnlyForDeploymentPostprocessing = 0;
		};
		5A66522929058D4400975A21 /* Sources */ = {
			isa = PBXSourcesBuildPhase;
			buildActionMask = 2147483647;
			files = (
				5A66523429058D4400975A21 /* Game_EngineUITestsLaunchTests.swift in Sources */,
				5A66523229058D4400975A21 /* Game_EngineUITests.swift in Sources */,
			);
			runOnlyForDeploymentPostprocessing = 0;
		};
/* End PBXSourcesBuildPhase section */

/* Begin PBXTargetDependency section */
		5A66522529058D4400975A21 /* PBXTargetDependency */ = {
			isa = PBXTargetDependency;
			target = 5A66520E29058D4300975A21 /* Game Engine */;
			targetProxy = 5A66522429058D4400975A21 /* PBXContainerItemProxy */;
		};
		5A66522F29058D4400975A21 /* PBXTargetDependency */ = {
			isa = PBXTargetDependency;
			target = 5A66520E29058D4300975A21 /* Game Engine */;
			targetProxy = 5A66522E29058D4400975A21 /* PBXContainerItemProxy */;
		};
/* End PBXTargetDependency section */

/* Begin PBXVariantGroup section */
		5A66521B29058D4400975A21 /* Main.storyboard */ = {
			isa = PBXVariantGroup;
			children = (
				5A66521C29058D4400975A21 /* Base */,
			);
			name = Main.storyboard;
			sourceTree = "<group>";
		};
/* End PBXVariantGroup section */

/* Begin XCBuildConfiguration section */
		5A66523529058D4400975A21 /* Debug */ = {
			isa = XCBuildConfiguration;
			buildSettings = {
				ALWAYS_SEARCH_USER_PATHS = NO;
				CLANG_ANALYZER_NONNULL = YES;
				CLANG_ANALYZER_NUMBER_OBJECT_CONVERSION = YES_AGGRESSIVE;
				CLANG_CXX_LANGUAGE_STANDARD = "gnu++17";
				CLANG_CXX_LIBRARY = "libc++";
				CLANG_ENABLE_MODULES = YES;
				CLANG_ENABLE_OBJC_ARC = YES;
				CLANG_ENABLE_OBJC_WEAK = YES;
				CLANG_WARN_BLOCK_CAPTURE_AUTORELEASING = YES;
				CLANG_WARN_BOOL_CONVERSION = YES;
				CLANG_WARN_COMMA = YES;
				CLANG_WARN_CONSTANT_CONVERSION = YES;
				CLANG_WARN_DEPRECATED_OBJC_IMPLEMENTATIONS = YES;
				CLANG_WARN_DIRECT_OBJC_ISA_USAGE = YES_ERROR;
				CLANG_WARN_DOCUMENTATION_COMMENTS = YES;
				CLANG_WARN_EMPTY_BODY = YES;
				CLANG_WARN_ENUM_CONVERSION = YES;
				CLANG_WARN_INFINITE_RECURSION = YES;
				CLANG_WARN_INT_CONVERSION = YES;
				CLANG_WARN_NON_LITERAL_NULL_CONVERSION = YES;
				CLANG_WARN_OBJC_IMPLICIT_RETAIN_SELF = YES;
				CLANG_WARN_OBJC_LITERAL_CONVERSION = YES;
				CLANG_WARN_OBJC_ROOT_CLASS = YES_ERROR;
				CLANG_WARN_QUOTED_INCLUDE_IN_FRAMEWORK_HEADER = YES;
				CLANG_WARN_RANGE_LOOP_ANALYSIS = YES;
				CLANG_WARN_STRICT_PROTOTYPES = YES;
				CLANG_WARN_SUSPICIOUS_MOVE = YES;
				CLANG_WARN_UNGUARDED_AVAILABILITY = YES_AGGRESSIVE;
				CLANG_WARN_UNREACHABLE_CODE = YES;
				CLANG_WARN__DUPLICATE_METHOD_MATCH = YES;
				COPY_PHASE_STRIP = NO;
				DEBUG_INFORMATION_FORMAT = dwarf;
				ENABLE_STRICT_OBJC_MSGSEND = YES;
				ENABLE_TESTABILITY = YES;
				GCC_C_LANGUAGE_STANDARD = gnu11;
				GCC_DYNAMIC_NO_PIC = NO;
				GCC_NO_COMMON_BLOCKS = YES;
				GCC_OPTIMIZATION_LEVEL = 0;
				GCC_PREPROCESSOR_DEFINITIONS = (
					"DEBUG=1",
					"$(inherited)",
				);
				GCC_WARN_64_TO_32_BIT_CONVERSION = YES;
				GCC_WARN_ABOUT_RETURN_TYPE = YES_ERROR;
				GCC_WARN_UNDECLARED_SELECTOR = YES;
				GCC_WARN_UNINITIALIZED_AUTOS = YES_AGGRESSIVE;
				GCC_WARN_UNUSED_FUNCTION = YES;
				GCC_WARN_UNUSED_VARIABLE = YES;
				MACOSX_DEPLOYMENT_TARGET = 12.1;
				MTL_ENABLE_DEBUG_INFO = INCLUDE_SOURCE;
				MTL_FAST_MATH = YES;
				ONLY_ACTIVE_ARCH = YES;
				SDKROOT = macosx;
				SWIFT_ACTIVE_COMPILATION_CONDITIONS = DEBUG;
				SWIFT_OPTIMIZATION_LEVEL = "-Onone";
			};
			name = Debug;
		};
		5A66523629058D4400975A21 /* Release */ = {
			isa = XCBuildConfiguration;
			buildSettings = {
				ALWAYS_SEARCH_USER_PATHS = NO;
				CLANG_ANALYZER_NONNULL = YES;
				CLANG_ANALYZER_NUMBER_OBJECT_CONVERSION = YES_AGGRESSIVE;
				CLANG_CXX_LANGUAGE_STANDARD = "gnu++17";
				CLANG_CXX_LIBRARY = "libc++";
				CLANG_ENABLE_MODULES = YES;
				CLANG_ENABLE_OBJC_ARC = YES;
				CLANG_ENABLE_OBJC_WEAK = YES;
				CLANG_WARN_BLOCK_CAPTURE_AUTORELEASING = YES;
				CLANG_WARN_BOOL_CONVERSION = YES;
				CLANG_WARN_COMMA = YES;
				CLANG_WARN_CONSTANT_CONVERSION = YES;
				CLANG_WARN_DEPRECATED_OBJC_IMPLEMENTATIONS = YES;
				CLANG_WARN_DIRECT_OBJC_ISA_USAGE = YES_ERROR;
				CLANG_WARN_DOCUMENTATION_COMMENTS = YES;
				CLANG_WARN_EMPTY_BODY = YES;
				CLANG_WARN_ENUM_CONVERSION = YES;
				CLANG_WARN_INFINITE_RECURSION = YES;
				CLANG_WARN_INT_CONVERSION = YES;
				CLANG_WARN_NON_LITERAL_NULL_CONVERSION = YES;
				CLANG_WARN_OBJC_IMPLICIT_RETAIN_SELF = YES;
				CLANG_WARN_OBJC_LITERAL_CONVERSION = YES;
				CLANG_WARN_OBJC_ROOT_CLASS = YES_ERROR;
				CLANG_WARN_QUOTED_INCLUDE_IN_FRAMEWORK_HEADER = YES;
				CLANG_WARN_RANGE_LOOP_ANALYSIS = YES;
				CLANG_WARN_STRICT_PROTOTYPES = YES;
				CLANG_WARN_SUSPICIOUS_MOVE = YES;
				CLANG_WARN_UNGUARDED_AVAILABILITY = YES_AGGRESSIVE;
				CLANG_WARN_UNREACHABLE_CODE = YES;
				CLANG_WARN__DUPLICATE_METHOD_MATCH = YES;
				COPY_PHASE_STRIP = NO;
				DEBUG_INFORMATION_FORMAT = "dwarf-with-dsym";
				ENABLE_NS_ASSERTIONS = NO;
				ENABLE_STRICT_OBJC_MSGSEND = YES;
				GCC_C_LANGUAGE_STANDARD = gnu11;
				GCC_NO_COMMON_BLOCKS = YES;
				GCC_WARN_64_TO_32_BIT_CONVERSION = YES;
				GCC_WARN_ABOUT_RETURN_TYPE = YES_ERROR;
				GCC_WARN_UNDECLARED_SELECTOR = YES;
				GCC_WARN_UNINITIALIZED_AUTOS = YES_AGGRESSIVE;
				GCC_WARN_UNUSED_FUNCTION = YES;
				GCC_WARN_UNUSED_VARIABLE = YES;
				MACOSX_DEPLOYMENT_TARGET = 12.1;
				MTL_ENABLE_DEBUG_INFO = NO;
				MTL_FAST_MATH = YES;
				SDKROOT = macosx;
				SWIFT_COMPILATION_MODE = wholemodule;
				SWIFT_OPTIMIZATION_LEVEL = "-O";
			};
			name = Release;
		};
		5A66523829058D4400975A21 /* Debug */ = {
			isa = XCBuildConfiguration;
			buildSettings = {
				ASSETCATALOG_COMPILER_APPICON_NAME = AppIcon;
				ASSETCATALOG_COMPILER_GLOBAL_ACCENT_COLOR_NAME = AccentColor;
				CODE_SIGN_ENTITLEMENTS = "Game Engine/Other Files/Game_Engine.entitlements";
				CODE_SIGN_STYLE = Automatic;
				COMBINE_HIDPI_IMAGES = YES;
				CURRENT_PROJECT_VERSION = 1;
				DEVELOPMENT_TEAM = P4HC8DVPZH;
				ENABLE_HARDENED_RUNTIME = YES;
				GENERATE_INFOPLIST_FILE = YES;
				INFOPLIST_KEY_NSHumanReadableCopyright = "";
				INFOPLIST_KEY_NSMainStoryboardFile = Main;
				INFOPLIST_KEY_NSPrincipalClass = NSApplication;
				LD_RUNPATH_SEARCH_PATHS = (
					"$(inherited)",
					"@executable_path/../Frameworks",
				);
				MARKETING_VERSION = 1.0;
				PRODUCT_BUNDLE_IDENTIFIER = "pizzasatellite.Game-Engine";
				PRODUCT_NAME = "$(TARGET_NAME)";
				SWIFT_EMIT_LOC_STRINGS = YES;
				SWIFT_VERSION = 5.0;
			};
			name = Debug;
		};
		5A66523929058D4400975A21 /* Release */ = {
			isa = XCBuildConfiguration;
			buildSettings = {
				ASSETCATALOG_COMPILER_APPICON_NAME = AppIcon;
				ASSETCATALOG_COMPILER_GLOBAL_ACCENT_COLOR_NAME = AccentColor;
				CODE_SIGN_ENTITLEMENTS = "Game Engine/Other Files/Game_Engine.entitlements";
				CODE_SIGN_STYLE = Automatic;
				COMBINE_HIDPI_IMAGES = YES;
				CURRENT_PROJECT_VERSION = 1;
				DEVELOPMENT_TEAM = P4HC8DVPZH;
				ENABLE_HARDENED_RUNTIME = YES;
				GENERATE_INFOPLIST_FILE = YES;
				INFOPLIST_KEY_NSHumanReadableCopyright = "";
				INFOPLIST_KEY_NSMainStoryboardFile = Main;
				INFOPLIST_KEY_NSPrincipalClass = NSApplication;
				LD_RUNPATH_SEARCH_PATHS = (
					"$(inherited)",
					"@executable_path/../Frameworks",
				);
				MARKETING_VERSION = 1.0;
				PRODUCT_BUNDLE_IDENTIFIER = "pizzasatellite.Game-Engine";
				PRODUCT_NAME = "$(TARGET_NAME)";
				SWIFT_EMIT_LOC_STRINGS = YES;
				SWIFT_VERSION = 5.0;
			};
			name = Release;
		};
		5A66523B29058D4400975A21 /* Debug */ = {
			isa = XCBuildConfiguration;
			buildSettings = {
				ALWAYS_EMBED_SWIFT_STANDARD_LIBRARIES = YES;
				BUNDLE_LOADER = "$(TEST_HOST)";
				CODE_SIGN_STYLE = Automatic;
				CURRENT_PROJECT_VERSION = 1;
				DEVELOPMENT_TEAM = P4HC8DVPZH;
				GENERATE_INFOPLIST_FILE = YES;
				MACOSX_DEPLOYMENT_TARGET = 12.1;
				MARKETING_VERSION = 1.0;
				PRODUCT_BUNDLE_IDENTIFIER = "pizzasatellite.Game-EngineTests";
				PRODUCT_NAME = "$(TARGET_NAME)";
				SWIFT_EMIT_LOC_STRINGS = NO;
				SWIFT_VERSION = 5.0;
				TEST_HOST = "$(BUILT_PRODUCTS_DIR)/Game Engine.app/Contents/MacOS/Game Engine";
			};
			name = Debug;
		};
		5A66523C29058D4400975A21 /* Release */ = {
			isa = XCBuildConfiguration;
			buildSettings = {
				ALWAYS_EMBED_SWIFT_STANDARD_LIBRARIES = YES;
				BUNDLE_LOADER = "$(TEST_HOST)";
				CODE_SIGN_STYLE = Automatic;
				CURRENT_PROJECT_VERSION = 1;
				DEVELOPMENT_TEAM = P4HC8DVPZH;
				GENERATE_INFOPLIST_FILE = YES;
				MACOSX_DEPLOYMENT_TARGET = 12.1;
				MARKETING_VERSION = 1.0;
				PRODUCT_BUNDLE_IDENTIFIER = "pizzasatellite.Game-EngineTests";
				PRODUCT_NAME = "$(TARGET_NAME)";
				SWIFT_EMIT_LOC_STRINGS = NO;
				SWIFT_VERSION = 5.0;
				TEST_HOST = "$(BUILT_PRODUCTS_DIR)/Game Engine.app/Contents/MacOS/Game Engine";
			};
			name = Release;
		};
		5A66523E29058D4400975A21 /* Debug */ = {
			isa = XCBuildConfiguration;
			buildSettings = {
				ALWAYS_EMBED_SWIFT_STANDARD_LIBRARIES = YES;
				CODE_SIGN_STYLE = Automatic;
				CURRENT_PROJECT_VERSION = 1;
				DEVELOPMENT_TEAM = P4HC8DVPZH;
				GENERATE_INFOPLIST_FILE = YES;
				MARKETING_VERSION = 1.0;
				PRODUCT_BUNDLE_IDENTIFIER = "pizzasatellite.Game-EngineUITests";
				PRODUCT_NAME = "$(TARGET_NAME)";
				SWIFT_EMIT_LOC_STRINGS = NO;
				SWIFT_VERSION = 5.0;
				TEST_TARGET_NAME = "Game Engine";
			};
			name = Debug;
		};
		5A66523F29058D4400975A21 /* Release */ = {
			isa = XCBuildConfiguration;
			buildSettings = {
				ALWAYS_EMBED_SWIFT_STANDARD_LIBRARIES = YES;
				CODE_SIGN_STYLE = Automatic;
				CURRENT_PROJECT_VERSION = 1;
				DEVELOPMENT_TEAM = P4HC8DVPZH;
				GENERATE_INFOPLIST_FILE = YES;
				MARKETING_VERSION = 1.0;
				PRODUCT_BUNDLE_IDENTIFIER = "pizzasatellite.Game-EngineUITests";
				PRODUCT_NAME = "$(TARGET_NAME)";
				SWIFT_EMIT_LOC_STRINGS = NO;
				SWIFT_VERSION = 5.0;
				TEST_TARGET_NAME = "Game Engine";
			};
			name = Release;
		};
/* End XCBuildConfiguration section */

/* Begin XCConfigurationList section */
		5A66520A29058D4300975A21 /* Build configuration list for PBXProject "Game Engine" */ = {
			isa = XCConfigurationList;
			buildConfigurations = (
				5A66523529058D4400975A21 /* Debug */,
				5A66523629058D4400975A21 /* Release */,
			);
			defaultConfigurationIsVisible = 0;
			defaultConfigurationName = Release;
		};
		5A66523729058D4400975A21 /* Build configuration list for PBXNativeTarget "Game Engine" */ = {
			isa = XCConfigurationList;
			buildConfigurations = (
				5A66523829058D4400975A21 /* Debug */,
				5A66523929058D4400975A21 /* Release */,
			);
			defaultConfigurationIsVisible = 0;
			defaultConfigurationName = Release;
		};
		5A66523A29058D4400975A21 /* Build configuration list for PBXNativeTarget "Game EngineTests" */ = {
			isa = XCConfigurationList;
			buildConfigurations = (
				5A66523B29058D4400975A21 /* Debug */,
				5A66523C29058D4400975A21 /* Release */,
			);
			defaultConfigurationIsVisible = 0;
			defaultConfigurationName = Release;
		};
		5A66523D29058D4400975A21 /* Build configuration list for PBXNativeTarget "Game EngineUITests" */ = {
			isa = XCConfigurationList;
			buildConfigurations = (
				5A66523E29058D4400975A21 /* Debug */,
				5A66523F29058D4400975A21 /* Release */,
			);
			defaultConfigurationIsVisible = 0;
			defaultConfigurationName = Release;
		};
/* End XCConfigurationList section */

/* Begin XCVersionGroup section */
		5A66521629058D4300975A21 /* Game_Engine.xcdatamodeld */ = {
			isa = XCVersionGroup;
			children = (
				5A66521729058D4300975A21 /* Game_Engine.xcdatamodel */,
			);
			currentVersion = 5A66521729058D4300975A21 /* Game_Engine.xcdatamodel */;
			path = Game_Engine.xcdatamodeld;
			sourceTree = "<group>";
			versionGroupType = wrapper.xcdatamodel;
		};
/* End XCVersionGroup section */
	};
	rootObject = 5A66520729058D4300975A21 /* Project object */;
}
